
Microsoft Visual Studio Solution File, Format Version 12.00
# Visual Studio 15
VisualStudioVersion = 15.0.28307.421
MinimumVisualStudioVersion = 10.0.40219.1
Project("{FAE04EC0-301F-11D3-BF4B-00C04F79EFBC}") = "Hello_JS", "Hello_JS\Hello_JS.csproj", "{4DF0CA91-2542-4E09-9B41-5A9530A6F95F}"
EndProject
Global
	GlobalSection(SolutionConfigurationPlatforms) = preSolution
		Debug|Any CPU = Debug|Any CPU
		Release|Any CPU = Release|Any CPU
	EndGlobalSection
	GlobalSection(ProjectConfigurationPlatforms) = postSolution
		{4DF0CA91-2542-4E09-9B41-5A9530A6F95F}.Debug|Any CPU.ActiveCfg = Debug|Any CPU
		{4DF0CA91-2542-4E09-9B41-5A9530A6F95F}.Debug|Any CPU.Build.0 = Debug|Any CPU
		{4DF0CA91-2542-4E09-9B41-5A9530A6F95F}.Release|Any CPU.ActiveCfg = Release|Any CPU
		{4DF0CA91-2542-4E09-9B41-5A9530A6F95F}.Release|Any CPU.Build.0 = Release|Any CPU
	EndGlobalSection
	GlobalSection(SolutionProperties) = preSolution
		HideSolutionNode = FALSE
	EndGlobalSection
	GlobalSection(ExtensibilityGlobals) = postSolution
		SolutionGuid = {FC78D04C-B0E0-4520-A0E7-7BA79223318E}
	EndGlobalSection
EndGlobal
